
Microsoft Visual Studio Solution File, Format Version 12.00
# Visual Studio Version 17
VisualStudioVersion = 17.11.35312.102
MinimumVisualStudioVersion = 10.0.40219.1
Project("{FAE04EC0-301F-11D3-BF4B-00C04F79EFBC}") = "SoCot_HC_FE", "SoCot_HC_FE\SoCot_HC_FE.csproj", "{2D9E90D9-23C6-4B3B-8859-E36707D25117}"
EndProject
Global
	GlobalSection(SolutionConfigurationPlatforms) = preSolution
		Debug|Any CPU = Debug|Any CPU
		Release|Any CPU = Release|Any CPU
	EndGlobalSection
	GlobalSection(ProjectConfigurationPlatforms) = postSolution
		{2D9E90D9-23C6-4B3B-8859-E36707D25117}.Debug|Any CPU.ActiveCfg = Debug|Any CPU
		{2D9E90D9-23C6-4B3B-8859-E36707D25117}.Debug|Any CPU.Build.0 = Debug|Any CPU
		{2D9E90D9-23C6-4B3B-8859-E36707D25117}.Release|Any CPU.ActiveCfg = Release|Any CPU
		{2D9E90D9-23C6-4B3B-8859-E36707D25117}.Release|Any CPU.Build.0 = Release|Any CPU
	EndGlobalSection
	GlobalSection(SolutionProperties) = preSolution
		HideSolutionNode = FALSE
	EndGlobalSection
	GlobalSection(ExtensibilityGlobals) = postSolution
		SolutionGuid = {DEBB91E3-7901-4543-A44D-EF0B6EA71748}
	EndGlobalSection
EndGlobal
